// !$*UTF8*$!
{
	archiveVersion = 1;
	classes = {
	};
	objectVersion = 48;
	objects = {

/* Begin PBXBuildFile section */
		353031EC1FEC41FB004FCE9C /* GradientView.swift in Sources */ = {isa = PBXBuildFile; fileRef = 353031EB1FEC41FB004FCE9C /* GradientView.swift */; };
		353031EF1FEC6B28004FCE9C /* Constants.swift in Sources */ = {isa = PBXBuildFile; fileRef = 353031EE1FEC6B28004FCE9C /* Constants.swift */; };
		355177071FE973E600F03E07 /* AppDelegate.swift in Sources */ = {isa = PBXBuildFile; fileRef = 355177061FE973E600F03E07 /* AppDelegate.swift */; };
		3551770C1FE973E600F03E07 /* Main.storyboard in Resources */ = {isa = PBXBuildFile; fileRef = 3551770A1FE973E600F03E07 /* Main.storyboard */; };
		3551770E1FE973E600F03E07 /* Assets.xcassets in Resources */ = {isa = PBXBuildFile; fileRef = 3551770D1FE973E600F03E07 /* Assets.xcassets */; };
		355177111FE973E600F03E07 /* LaunchScreen.storyboard in Resources */ = {isa = PBXBuildFile; fileRef = 3551770F1FE973E600F03E07 /* LaunchScreen.storyboard */; };
		355177261FE9DB8300F03E07 /* ChatVC.swift in Sources */ = {isa = PBXBuildFile; fileRef = 355177251FE9DB8300F03E07 /* ChatVC.swift */; };
		355177281FE9DB9100F03E07 /* ChannelVC.swift in Sources */ = {isa = PBXBuildFile; fileRef = 355177271FE9DB9100F03E07 /* ChannelVC.swift */; };
		35903E241FEB3A2B00C1E6D0 /* SWRevealViewController.m in Sources */ = {isa = PBXBuildFile; fileRef = 35903E231FEB3A2B00C1E6D0 /* SWRevealViewController.m */; };
		35E8F34F1FEC7E2C00F7352D /* LoginVC.swift in Sources */ = {isa = PBXBuildFile; fileRef = 35E8F34E1FEC7E2C00F7352D /* LoginVC.swift */; };
		5A6E2A9CB4F3AD6EFCFD1565 /* Pods_Smack.framework in Frameworks */ = {isa = PBXBuildFile; fileRef = 77A0DF23C85227CCC3A3BF9E /* Pods_Smack.framework */; };
/* End PBXBuildFile section */

/* Begin PBXFileReference section */
		353031EB1FEC41FB004FCE9C /* GradientView.swift */ = {isa = PBXFileReference; lastKnownFileType = sourcecode.swift; path = GradientView.swift; sourceTree = "<group>"; };
		353031EE1FEC6B28004FCE9C /* Constants.swift */ = {isa = PBXFileReference; lastKnownFileType = sourcecode.swift; path = Constants.swift; sourceTree = "<group>"; };
		355177031FE973E600F03E07 /* Smack.app */ = {isa = PBXFileReference; explicitFileType = wrapper.application; includeInIndex = 0; path = Smack.app; sourceTree = BUILT_PRODUCTS_DIR; };
		355177061FE973E600F03E07 /* AppDelegate.swift */ = {isa = PBXFileReference; lastKnownFileType = sourcecode.swift; path = AppDelegate.swift; sourceTree = "<group>"; };
		3551770B1FE973E600F03E07 /* Base */ = {isa = PBXFileReference; lastKnownFileType = file.storyboard; name = Base; path = Base.lproj/Main.storyboard; sourceTree = "<group>"; };
		3551770D1FE973E600F03E07 /* Assets.xcassets */ = {isa = PBXFileReference; lastKnownFileType = folder.assetcatalog; path = Assets.xcassets; sourceTree = "<group>"; };
		355177101FE973E600F03E07 /* Base */ = {isa = PBXFileReference; lastKnownFileType = file.storyboard; name = Base; path = Base.lproj/LaunchScreen.storyboard; sourceTree = "<group>"; };
		355177121FE973E600F03E07 /* Info.plist */ = {isa = PBXFileReference; lastKnownFileType = text.plist.xml; path = Info.plist; sourceTree = "<group>"; };
		355177251FE9DB8300F03E07 /* ChatVC.swift */ = {isa = PBXFileReference; lastKnownFileType = sourcecode.swift; path = ChatVC.swift; sourceTree = "<group>"; };
		355177271FE9DB9100F03E07 /* ChannelVC.swift */ = {isa = PBXFileReference; lastKnownFileType = sourcecode.swift; path = ChannelVC.swift; sourceTree = "<group>"; };
		35903E211FEB3A2B00C1E6D0 /* Smack-Bridging-Header.h */ = {isa = PBXFileReference; lastKnownFileType = sourcecode.c.h; path = "Smack-Bridging-Header.h"; sourceTree = "<group>"; };
		35903E221FEB3A2B00C1E6D0 /* SWRevealViewController.h */ = {isa = PBXFileReference; fileEncoding = 4; lastKnownFileType = sourcecode.c.h; name = SWRevealViewController.h; path = "../../../../../Downloads/team-devslopes-app-smack-f29ecf859beb/Smack/Supporting Files/SWRevealViewController.h"; sourceTree = "<group>"; };
		35903E231FEB3A2B00C1E6D0 /* SWRevealViewController.m */ = {isa = PBXFileReference; fileEncoding = 4; lastKnownFileType = sourcecode.c.objc; path = SWRevealViewController.m; sourceTree = "<group>"; };
		35E8F34E1FEC7E2C00F7352D /* LoginVC.swift */ = {isa = PBXFileReference; lastKnownFileType = sourcecode.swift; path = LoginVC.swift; sourceTree = "<group>"; };
		5692D3A221C3C351BF804BC6 /* Pods-Smack.debug.xcconfig */ = {isa = PBXFileReference; includeInIndex = 1; lastKnownFileType = text.xcconfig; name = "Pods-Smack.debug.xcconfig"; path = "Pods/Target Support Files/Pods-Smack/Pods-Smack.debug.xcconfig"; sourceTree = "<group>"; };
		77A0DF23C85227CCC3A3BF9E /* Pods_Smack.framework */ = {isa = PBXFileReference; explicitFileType = wrapper.framework; includeInIndex = 0; path = Pods_Smack.framework; sourceTree = BUILT_PRODUCTS_DIR; };
		CF607452EAAEEA191ACD49E3 /* Pods-Smack.release.xcconfig */ = {isa = PBXFileReference; includeInIndex = 1; lastKnownFileType = text.xcconfig; name = "Pods-Smack.release.xcconfig"; path = "Pods/Target Support Files/Pods-Smack/Pods-Smack.release.xcconfig"; sourceTree = "<group>"; };
/* End PBXFileReference section */

/* Begin PBXFrameworksBuildPhase section */
		355177001FE973E600F03E07 /* Frameworks */ = {
			isa = PBXFrameworksBuildPhase;
			buildActionMask = 2147483647;
			files = (
				5A6E2A9CB4F3AD6EFCFD1565 /* Pods_Smack.framework in Frameworks */,
			);
			runOnlyForDeploymentPostprocessing = 0;
		};
/* End PBXFrameworksBuildPhase section */

/* Begin PBXGroup section */
		2D5AA8FF3AA5B6E3CF444CAF /* Frameworks */ = {
			isa = PBXGroup;
			children = (
				77A0DF23C85227CCC3A3BF9E /* Pods_Smack.framework */,
			);
			name = Frameworks;
			sourceTree = "<group>";
		};
		353031ED1FEC6B03004FCE9C /* Utilities */ = {
			isa = PBXGroup;
			children = (
				353031EE1FEC6B28004FCE9C /* Constants.swift */,
			);
			path = Utilities;
			sourceTree = "<group>";
		};
		355176FA1FE973E600F03E07 = {
			isa = PBXGroup;
			children = (
				355177051FE973E600F03E07 /* Smack */,
				355177041FE973E600F03E07 /* Products */,
				6C4B034015EF0212FB78FD7E /* Pods */,
				2D5AA8FF3AA5B6E3CF444CAF /* Frameworks */,
			);
			sourceTree = "<group>";
		};
		355177041FE973E600F03E07 /* Products */ = {
			isa = PBXGroup;
			children = (
				355177031FE973E600F03E07 /* Smack.app */,
			);
			name = Products;
			sourceTree = "<group>";
		};
		355177051FE973E600F03E07 /* Smack */ = {
			isa = PBXGroup;
			children = (
				353031ED1FEC6B03004FCE9C /* Utilities */,
				355177181FE9916A00F03E07 /* Supporting FIles */,
				355177241FE9DB2A00F03E07 /* Model */,
				355177231FE9DB1A00F03E07 /* View */,
				355177221FE9DB1100F03E07 /* Controller */,
				355177061FE973E600F03E07 /* AppDelegate.swift */,
				3551770A1FE973E600F03E07 /* Main.storyboard */,
				3551770D1FE973E600F03E07 /* Assets.xcassets */,
				3551770F1FE973E600F03E07 /* LaunchScreen.storyboard */,
				355177121FE973E600F03E07 /* Info.plist */,
			);
			path = Smack;
			sourceTree = "<group>";
		};
		355177181FE9916A00F03E07 /* Supporting FIles */ = {
			isa = PBXGroup;
			children = (
				35903E221FEB3A2B00C1E6D0 /* SWRevealViewController.h */,
				35903E231FEB3A2B00C1E6D0 /* SWRevealViewController.m */,
				35903E211FEB3A2B00C1E6D0 /* Smack-Bridging-Header.h */,
			);
			path = "Supporting FIles";
			sourceTree = "<group>";
		};
		355177221FE9DB1100F03E07 /* Controller */ = {
			isa = PBXGroup;
			children = (
				355177251FE9DB8300F03E07 /* ChatVC.swift */,
				355177271FE9DB9100F03E07 /* ChannelVC.swift */,
				35E8F34E1FEC7E2C00F7352D /* LoginVC.swift */,
			);
			path = Controller;
			sourceTree = "<group>";
		};
		355177231FE9DB1A00F03E07 /* View */ = {
			isa = PBXGroup;
			children = (
				353031EB1FEC41FB004FCE9C /* GradientView.swift */,
			);
			path = View;
			sourceTree = "<group>";
		};
		355177241FE9DB2A00F03E07 /* Model */ = {
			isa = PBXGroup;
			children = (
			);
			path = Model;
			sourceTree = "<group>";
		};
		6C4B034015EF0212FB78FD7E /* Pods */ = {
			isa = PBXGroup;
			children = (
				5692D3A221C3C351BF804BC6 /* Pods-Smack.debug.xcconfig */,
				CF607452EAAEEA191ACD49E3 /* Pods-Smack.release.xcconfig */,
			);
			name = Pods;
			sourceTree = "<group>";
		};
/* End PBXGroup section */

/* Begin PBXNativeTarget section */
		355177021FE973E600F03E07 /* Smack */ = {
			isa = PBXNativeTarget;
			buildConfigurationList = 355177151FE973E600F03E07 /* Build configuration list for PBXNativeTarget "Smack" */;
			buildPhases = (
				049815BF7691F78253CE11D7 /* [CP] Check Pods Manifest.lock */,
				355176FF1FE973E600F03E07 /* Sources */,
				355177001FE973E600F03E07 /* Frameworks */,
				355177011FE973E600F03E07 /* Resources */,
				118A4F83225BFC1F46D7CBCC /* [CP] Embed Pods Frameworks */,
				034D19782B0E78B72A456833 /* [CP] Copy Pods Resources */,
			);
			buildRules = (
			);
			dependencies = (
			);
			name = Smack;
			productName = Smack;
			productReference = 355177031FE973E600F03E07 /* Smack.app */;
			productType = "com.apple.product-type.application";
		};
/* End PBXNativeTarget section */

/* Begin PBXProject section */
		355176FB1FE973E600F03E07 /* Project object */ = {
			isa = PBXProject;
			attributes = {
				LastSwiftUpdateCheck = 0920;
				LastUpgradeCheck = 0920;
				ORGANIZATIONNAME = "Nuno Nunes";
				TargetAttributes = {
					355177021FE973E600F03E07 = {
						CreatedOnToolsVersion = 9.2;
						LastSwiftMigration = 0920;
						ProvisioningStyle = Automatic;
					};
				};
			};
			buildConfigurationList = 355176FE1FE973E600F03E07 /* Build configuration list for PBXProject "Smack" */;
			compatibilityVersion = "Xcode 8.0";
			developmentRegion = en;
			hasScannedForEncodings = 0;
			knownRegions = (
				en,
				Base,
			);
			mainGroup = 355176FA1FE973E600F03E07;
			productRefGroup = 355177041FE973E600F03E07 /* Products */;
			projectDirPath = "";
			projectRoot = "";
			targets = (
				355177021FE973E600F03E07 /* Smack */,
			);
		};
/* End PBXProject section */

/* Begin PBXResourcesBuildPhase section */
		355177011FE973E600F03E07 /* Resources */ = {
			isa = PBXResourcesBuildPhase;
			buildActionMask = 2147483647;
			files = (
				355177111FE973E600F03E07 /* LaunchScreen.storyboard in Resources */,
				3551770E1FE973E600F03E07 /* Assets.xcassets in Resources */,
				3551770C1FE973E600F03E07 /* Main.storyboard in Resources */,
			);
			runOnlyForDeploymentPostprocessing = 0;
		};
/* End PBXResourcesBuildPhase section */

/* Begin PBXShellScriptBuildPhase section */
		034D19782B0E78B72A456833 /* [CP] Copy Pods Resources */ = {
			isa = PBXShellScriptBuildPhase;
			buildActionMask = 2147483647;
			files = (
			);
			inputPaths = (
			);
			name = "[CP] Copy Pods Resources";
			outputPaths = (
			);
			runOnlyForDeploymentPostprocessing = 0;
			shellPath = /bin/sh;
			shellScript = "\"${SRCROOT}/Pods/Target Support Files/Pods-Smack/Pods-Smack-resources.sh\"\n";
			showEnvVarsInLog = 0;
		};
		049815BF7691F78253CE11D7 /* [CP] Check Pods Manifest.lock */ = {
			isa = PBXShellScriptBuildPhase;
			buildActionMask = 2147483647;
			files = (
			);
			inputPaths = (
			);
			name = "[CP] Check Pods Manifest.lock";
			outputPaths = (
			);
			runOnlyForDeploymentPostprocessing = 0;
			shellPath = /bin/sh;
			shellScript = "diff \"${PODS_ROOT}/../Podfile.lock\" \"${PODS_ROOT}/Manifest.lock\" > /dev/null\nif [ $? != 0 ] ; then\n    # print error to STDERR\n    echo \"error: The sandbox is not in sync with the Podfile.lock. Run 'pod install' or update your CocoaPods installation.\" >&2\n    exit 1\nfi\n";
			showEnvVarsInLog = 0;
		};
		118A4F83225BFC1F46D7CBCC /* [CP] Embed Pods Frameworks */ = {
			isa = PBXShellScriptBuildPhase;
			buildActionMask = 2147483647;
			files = (
			);
			inputPaths = (
			);
			name = "[CP] Embed Pods Frameworks";
			outputPaths = (
			);
			runOnlyForDeploymentPostprocessing = 0;
			shellPath = /bin/sh;
			shellScript = "\"${SRCROOT}/Pods/Target Support Files/Pods-Smack/Pods-Smack-frameworks.sh\"\n";
			showEnvVarsInLog = 0;
		};
/* End PBXShellScriptBuildPhase section */

/* Begin PBXSourcesBuildPhase section */
		355176FF1FE973E600F03E07 /* Sources */ = {
			isa = PBXSourcesBuildPhase;
			buildActionMask = 2147483647;
			files = (
				355177281FE9DB9100F03E07 /* ChannelVC.swift in Sources */,
				355177261FE9DB8300F03E07 /* ChatVC.swift in Sources */,
				35E8F34F1FEC7E2C00F7352D /* LoginVC.swift in Sources */,
				353031EC1FEC41FB004FCE9C /* GradientView.swift in Sources */,
				355177071FE973E600F03E07 /* AppDelegate.swift in Sources */,
				35903E241FEB3A2B00C1E6D0 /* SWRevealViewController.m in Sources */,
				353031EF1FEC6B28004FCE9C /* Constants.swift in Sources */,
			);
			runOnlyForDeploymentPostprocessing = 0;
		};
/* End PBXSourcesBuildPhase section */

/* Begin PBXVariantGroup section */
		3551770A1FE973E600F03E07 /* Main.storyboard */ = {
			isa = PBXVariantGroup;
			children = (
				3551770B1FE973E600F03E07 /* Base */,
			);
			name = Main.storyboard;
			sourceTree = "<group>";
		};
		3551770F1FE973E600F03E07 /* LaunchScreen.storyboard */ = {
			isa = PBXVariantGroup;
			children = (
				355177101FE973E600F03E07 /* Base */,
			);
			name = LaunchScreen.storyboard;
			sourceTree = "<group>";
		};
/* End PBXVariantGroup section */

/* Begin XCBuildConfiguration section */
		355177131FE973E600F03E07 /* Debug */ = {
			isa = XCBuildConfiguration;
			buildSettings = {
				ALWAYS_SEARCH_USER_PATHS = NO;
				CLANG_ANALYZER_NONNULL = YES;
				CLANG_ANALYZER_NUMBER_OBJECT_CONVERSION = YES_AGGRESSIVE;
				CLANG_CXX_LANGUAGE_STANDARD = "gnu++14";
				CLANG_CXX_LIBRARY = "libc++";
				CLANG_ENABLE_MODULES = YES;
				CLANG_ENABLE_OBJC_ARC = YES;
				CLANG_WARN_BLOCK_CAPTURE_AUTORELEASING = YES;
				CLANG_WARN_BOOL_CONVERSION = YES;
				CLANG_WARN_COMMA = YES;
				CLANG_WARN_CONSTANT_CONVERSION = YES;
				CLANG_WARN_DIRECT_OBJC_ISA_USAGE = YES_ERROR;
				CLANG_WARN_DOCUMENTATION_COMMENTS = YES;
				CLANG_WARN_EMPTY_BODY = YES;
				CLANG_WARN_ENUM_CONVERSION = YES;
				CLANG_WARN_INFINITE_RECURSION = YES;
				CLANG_WARN_INT_CONVERSION = YES;
				CLANG_WARN_NON_LITERAL_NULL_CONVERSION = YES;
				CLANG_WARN_OBJC_LITERAL_CONVERSION = YES;
				CLANG_WARN_OBJC_ROOT_CLASS = YES_ERROR;
				CLANG_WARN_RANGE_LOOP_ANALYSIS = YES;
				CLANG_WARN_STRICT_PROTOTYPES = YES;
				CLANG_WARN_SUSPICIOUS_MOVE = YES;
				CLANG_WARN_UNGUARDED_AVAILABILITY = YES_AGGRESSIVE;
				CLANG_WARN_UNREACHABLE_CODE = YES;
				CLANG_WARN__DUPLICATE_METHOD_MATCH = YES;
				CODE_SIGN_IDENTITY = "iPhone Developer";
				COPY_PHASE_STRIP = NO;
				DEBUG_INFORMATION_FORMAT = dwarf;
				ENABLE_STRICT_OBJC_MSGSEND = YES;
				ENABLE_TESTABILITY = YES;
				GCC_C_LANGUAGE_STANDARD = gnu11;
				GCC_DYNAMIC_NO_PIC = NO;
				GCC_NO_COMMON_BLOCKS = YES;
				GCC_OPTIMIZATION_LEVEL = 0;
				GCC_PREPROCESSOR_DEFINITIONS = (
					"DEBUG=1",
					"$(inherited)",
				);
				GCC_WARN_64_TO_32_BIT_CONVERSION = YES;
				GCC_WARN_ABOUT_RETURN_TYPE = YES_ERROR;
				GCC_WARN_UNDECLARED_SELECTOR = YES;
				GCC_WARN_UNINITIALIZED_AUTOS = YES_AGGRESSIVE;
				GCC_WARN_UNUSED_FUNCTION = YES;
				GCC_WARN_UNUSED_VARIABLE = YES;
				IPHONEOS_DEPLOYMENT_TARGET = 11.2;
				MTL_ENABLE_DEBUG_INFO = YES;
				ONLY_ACTIVE_ARCH = YES;
				SDKROOT = iphoneos;
				SWIFT_ACTIVE_COMPILATION_CONDITIONS = DEBUG;
				SWIFT_OPTIMIZATION_LEVEL = "-Onone";
			};
			name = Debug;
		};
		355177141FE973E600F03E07 /* Release */ = {
			isa = XCBuildConfiguration;
			buildSettings = {
				ALWAYS_SEARCH_USER_PATHS = NO;
				CLANG_ANALYZER_NONNULL = YES;
				CLANG_ANALYZER_NUMBER_OBJECT_CONVERSION = YES_AGGRESSIVE;
				CLANG_CXX_LANGUAGE_STANDARD = "gnu++14";
				CLANG_CXX_LIBRARY = "libc++";
				CLANG_ENABLE_MODULES = YES;
				CLANG_ENABLE_OBJC_ARC = YES;
				CLANG_WARN_BLOCK_CAPTURE_AUTORELEASING = YES;
				CLANG_WARN_BOOL_CONVERSION = YES;
				CLANG_WARN_COMMA = YES;
				CLANG_WARN_CONSTANT_CONVERSION = YES;
				CLANG_WARN_DIRECT_OBJC_ISA_USAGE = YES_ERROR;
				CLANG_WARN_DOCUMENTATION_COMMENTS = YES;
				CLANG_WARN_EMPTY_BODY = YES;
				CLANG_WARN_ENUM_CONVERSION = YES;
				CLANG_WARN_INFINITE_RECURSION = YES;
				CLANG_WARN_INT_CONVERSION = YES;
				CLANG_WARN_NON_LITERAL_NULL_CONVERSION = YES;
				CLANG_WARN_OBJC_LITERAL_CONVERSION = YES;
				CLANG_WARN_OBJC_ROOT_CLASS = YES_ERROR;
				CLANG_WARN_RANGE_LOOP_ANALYSIS = YES;
				CLANG_WARN_STRICT_PROTOTYPES = YES;
				CLANG_WARN_SUSPICIOUS_MOVE = YES;
				CLANG_WARN_UNGUARDED_AVAILABILITY = YES_AGGRESSIVE;
				CLANG_WARN_UNREACHABLE_CODE = YES;
				CLANG_WARN__DUPLICATE_METHOD_MATCH = YES;
				CODE_SIGN_IDENTITY = "iPhone Developer";
				COPY_PHASE_STRIP = NO;
				DEBUG_INFORMATION_FORMAT = "dwarf-with-dsym";
				ENABLE_NS_ASSERTIONS = NO;
				ENABLE_STRICT_OBJC_MSGSEND = YES;
				GCC_C_LANGUAGE_STANDARD = gnu11;
				GCC_NO_COMMON_BLOCKS = YES;
				GCC_WARN_64_TO_32_BIT_CONVERSION = YES;
				GCC_WARN_ABOUT_RETURN_TYPE = YES_ERROR;
				GCC_WARN_UNDECLARED_SELECTOR = YES;
				GCC_WARN_UNINITIALIZED_AUTOS = YES_AGGRESSIVE;
				GCC_WARN_UNUSED_FUNCTION = YES;
				GCC_WARN_UNUSED_VARIABLE = YES;
				IPHONEOS_DEPLOYMENT_TARGET = 11.2;
				MTL_ENABLE_DEBUG_INFO = NO;
				SDKROOT = iphoneos;
				SWIFT_OPTIMIZATION_LEVEL = "-Owholemodule";
				VALIDATE_PRODUCT = YES;
			};
			name = Release;
		};
		355177161FE973E600F03E07 /* Debug */ = {
			isa = XCBuildConfiguration;
			baseConfigurationReference = 5692D3A221C3C351BF804BC6 /* Pods-Smack.debug.xcconfig */;
			buildSettings = {
				ASSETCATALOG_COMPILER_APPICON_NAME = AppIcon;
				CLANG_ENABLE_MODULES = YES;
				CODE_SIGN_STYLE = Automatic;
				DEVELOPMENT_TEAM = 589B4SAP4Y;
				INFOPLIST_FILE = Smack/Info.plist;
				LD_RUNPATH_SEARCH_PATHS = "$(inherited) @executable_path/Frameworks";
				PRODUCT_BUNDLE_IDENTIFIER = com.nn.Smack;
				PRODUCT_NAME = "$(TARGET_NAME)";
				SWIFT_OBJC_BRIDGING_HEADER = "Smack/Supporting FIles/Smack-Bridging-Header.h";
				SWIFT_OPTIMIZATION_LEVEL = "-Onone";
				SWIFT_VERSION = 4.0;
				TARGETED_DEVICE_FAMILY = "1,2";
			};
			name = Debug;
		};
		355177171FE973E600F03E07 /* Release */ = {
			isa = XCBuildConfiguration;
			baseConfigurationReference = CF607452EAAEEA191ACD49E3 /* Pods-Smack.release.xcconfig */;
			buildSettings = {
				ASSETCATALOG_COMPILER_APPICON_NAME = AppIcon;
				CLANG_ENABLE_MODULES = YES;
				CODE_SIGN_STYLE = Automatic;
				DEVELOPMENT_TEAM = 589B4SAP4Y;
				INFOPLIST_FILE = Smack/Info.plist;
				LD_RUNPATH_SEARCH_PATHS = "$(inherited) @executable_path/Frameworks";
				PRODUCT_BUNDLE_IDENTIFIER = com.nn.Smack;
				PRODUCT_NAME = "$(TARGET_NAME)";
				SWIFT_OBJC_BRIDGING_HEADER = "Smack/Supporting FIles/Smack-Bridging-Header.h";
				SWIFT_VERSION = 4.0;
				TARGETED_DEVICE_FAMILY = "1,2";
			};
			name = Release;
		};
/* End XCBuildConfiguration section */

/* Begin XCConfigurationList section */
		355176FE1FE973E600F03E07 /* Build configuration list for PBXProject "Smack" */ = {
			isa = XCConfigurationList;
			buildConfigurations = (
				355177131FE973E600F03E07 /* Debug */,
				355177141FE973E600F03E07 /* Release */,
			);
			defaultConfigurationIsVisible = 0;
			defaultConfigurationName = Release;
		};
		355177151FE973E600F03E07 /* Build configuration list for PBXNativeTarget "Smack" */ = {
			isa = XCConfigurationList;
			buildConfigurations = (
				355177161FE973E600F03E07 /* Debug */,
				355177171FE973E600F03E07 /* Release */,
			);
			defaultConfigurationIsVisible = 0;
			defaultConfigurationName = Release;
		};
/* End XCConfigurationList section */
	};
	rootObject = 355176FB1FE973E600F03E07 /* Project object */;
}
