// !$*UTF8*$!
{
	archiveVersion = 1;
	classes = {
	};
	objectVersion = 48;
	objects = {

/* Begin PBXBuildFile section */
		352522DE200553EA003A5724 /* AppDelegate.swift in Sources */ = {isa = PBXBuildFile; fileRef = 352522DD200553EA003A5724 /* AppDelegate.swift */; };
		352522E0200553EA003A5724 /* ViewController.swift in Sources */ = {isa = PBXBuildFile; fileRef = 352522DF200553EA003A5724 /* ViewController.swift */; };
		352522E3200553EA003A5724 /* Main.storyboard in Resources */ = {isa = PBXBuildFile; fileRef = 352522E1200553EA003A5724 /* Main.storyboard */; };
		352522E5200553EA003A5724 /* Assets.xcassets in Resources */ = {isa = PBXBuildFile; fileRef = 352522E4200553EA003A5724 /* Assets.xcassets */; };
		352522E8200553EA003A5724 /* LaunchScreen.storyboard in Resources */ = {isa = PBXBuildFile; fileRef = 352522E6200553EA003A5724 /* LaunchScreen.storyboard */; };
		352522F420055518003A5724 /* ROOM.swift in Sources */ = {isa = PBXBuildFile; fileRef = 352522F320055518003A5724 /* ROOM.swift */; };
		352522F6200555A0003A5724 /* RoomCell.swift in Sources */ = {isa = PBXBuildFile; fileRef = 352522F5200555A0003A5724 /* RoomCell.swift */; };
		352523042005635D003A5724 /* RoomVC.swift in Sources */ = {isa = PBXBuildFile; fileRef = 352523032005635D003A5724 /* RoomVC.swift */; };
/* End PBXBuildFile section */

/* Begin PBXFileReference section */
		352522DA200553EA003A5724 /* TheSwitcher_NunoNunes.app */ = {isa = PBXFileReference; explicitFileType = wrapper.application; includeInIndex = 0; path = TheSwitcher_NunoNunes.app; sourceTree = BUILT_PRODUCTS_DIR; };
		352522DD200553EA003A5724 /* AppDelegate.swift */ = {isa = PBXFileReference; lastKnownFileType = sourcecode.swift; path = AppDelegate.swift; sourceTree = "<group>"; };
		352522DF200553EA003A5724 /* ViewController.swift */ = {isa = PBXFileReference; lastKnownFileType = sourcecode.swift; path = ViewController.swift; sourceTree = "<group>"; };
		352522E2200553EA003A5724 /* Base */ = {isa = PBXFileReference; lastKnownFileType = file.storyboard; name = Base; path = Base.lproj/Main.storyboard; sourceTree = "<group>"; };
		352522E4200553EA003A5724 /* Assets.xcassets */ = {isa = PBXFileReference; lastKnownFileType = folder.assetcatalog; path = Assets.xcassets; sourceTree = "<group>"; };
		352522E7200553EA003A5724 /* Base */ = {isa = PBXFileReference; lastKnownFileType = file.storyboard; name = Base; path = Base.lproj/LaunchScreen.storyboard; sourceTree = "<group>"; };
		352522E9200553EA003A5724 /* Info.plist */ = {isa = PBXFileReference; lastKnownFileType = text.plist.xml; path = Info.plist; sourceTree = "<group>"; };
		352522F320055518003A5724 /* ROOM.swift */ = {isa = PBXFileReference; lastKnownFileType = sourcecode.swift; path = ROOM.swift; sourceTree = "<group>"; };
		352522F5200555A0003A5724 /* RoomCell.swift */ = {isa = PBXFileReference; lastKnownFileType = sourcecode.swift; path = RoomCell.swift; sourceTree = "<group>"; };
		352523032005635D003A5724 /* RoomVC.swift */ = {isa = PBXFileReference; lastKnownFileType = sourcecode.swift; path = RoomVC.swift; sourceTree = "<group>"; };
/* End PBXFileReference section */

/* Begin PBXFrameworksBuildPhase section */
		352522D7200553EA003A5724 /* Frameworks */ = {
			isa = PBXFrameworksBuildPhase;
			buildActionMask = 2147483647;
			files = (
			);
			runOnlyForDeploymentPostprocessing = 0;
		};
/* End PBXFrameworksBuildPhase section */

/* Begin PBXGroup section */
		352522D1200553EA003A5724 = {
			isa = PBXGroup;
			children = (
				352522DC200553EA003A5724 /* TheSwitcher_NunoNunes */,
				352522DB200553EA003A5724 /* Products */,
			);
			sourceTree = "<group>";
		};
		352522DB200553EA003A5724 /* Products */ = {
			isa = PBXGroup;
			children = (
				352522DA200553EA003A5724 /* TheSwitcher_NunoNunes.app */,
			);
			name = Products;
			sourceTree = "<group>";
		};
		352522DC200553EA003A5724 /* TheSwitcher_NunoNunes */ = {
			isa = PBXGroup;
			children = (
				352522F120055495003A5724 /* View */,
				352522F02005548F003A5724 /* Model */,
				352522EF20055488003A5724 /* Controller */,
				352522DD200553EA003A5724 /* AppDelegate.swift */,
				352522E1200553EA003A5724 /* Main.storyboard */,
				352522E4200553EA003A5724 /* Assets.xcassets */,
				352522E6200553EA003A5724 /* LaunchScreen.storyboard */,
				352522E9200553EA003A5724 /* Info.plist */,
			);
			path = TheSwitcher_NunoNunes;
			sourceTree = "<group>";
		};
		352522EF20055488003A5724 /* Controller */ = {
			isa = PBXGroup;
			children = (
				352522DF200553EA003A5724 /* ViewController.swift */,
				352523032005635D003A5724 /* RoomVC.swift */,
			);
			path = Controller;
			sourceTree = "<group>";
		};
		352522F02005548F003A5724 /* Model */ = {
			isa = PBXGroup;
			children = (
				352522F320055518003A5724 /* ROOM.swift */,
			);
			path = Model;
			sourceTree = "<group>";
		};
		352522F120055495003A5724 /* View */ = {
			isa = PBXGroup;
			children = (
				352522F5200555A0003A5724 /* RoomCell.swift */,
			);
			path = View;
			sourceTree = "<group>";
		};
/* End PBXGroup section */

/* Begin PBXNativeTarget section */
		352522D9200553EA003A5724 /* TheSwitcher_NunoNunes */ = {
			isa = PBXNativeTarget;
			buildConfigurationList = 352522EC200553EA003A5724 /* Build configuration list for PBXNativeTarget "TheSwitcher_NunoNunes" */;
			buildPhases = (
				352522D6200553EA003A5724 /* Sources */,
				352522D7200553EA003A5724 /* Frameworks */,
				352522D8200553EA003A5724 /* Resources */,
			);
			buildRules = (
			);
			dependencies = (
			);
			name = TheSwitcher_NunoNunes;
			productName = TheSwitcher_NunoNunes;
			productReference = 352522DA200553EA003A5724 /* TheSwitcher_NunoNunes.app */;
			productType = "com.apple.product-type.application";
		};
/* End PBXNativeTarget section */

/* Begin PBXProject section */
		352522D2200553EA003A5724 /* Project object */ = {
			isa = PBXProject;
			attributes = {
				LastSwiftUpdateCheck = 0920;
				LastUpgradeCheck = 0920;
				ORGANIZATIONNAME = "Nuno Nunes";
				TargetAttributes = {
					352522D9200553EA003A5724 = {
						CreatedOnToolsVersion = 9.2;
						ProvisioningStyle = Automatic;
					};
				};
			};
			buildConfigurationList = 352522D5200553EA003A5724 /* Build configuration list for PBXProject "TheSwitcher_NunoNunes" */;
			compatibilityVersion = "Xcode 8.0";
			developmentRegion = en;
			hasScannedForEncodings = 0;
			knownRegions = (
				en,
				Base,
			);
			mainGroup = 352522D1200553EA003A5724;
			productRefGroup = 352522DB200553EA003A5724 /* Products */;
			projectDirPath = "";
			projectRoot = "";
			targets = (
				352522D9200553EA003A5724 /* TheSwitcher_NunoNunes */,
			);
		};
/* End PBXProject section */

/* Begin PBXResourcesBuildPhase section */
		352522D8200553EA003A5724 /* Resources */ = {
			isa = PBXResourcesBuildPhase;
			buildActionMask = 2147483647;
			files = (
				352522E8200553EA003A5724 /* LaunchScreen.storyboard in Resources */,
				352522E5200553EA003A5724 /* Assets.xcassets in Resources */,
				352522E3200553EA003A5724 /* Main.storyboard in Resources */,
			);
			runOnlyForDeploymentPostprocessing = 0;
		};
/* End PBXResourcesBuildPhase section */

/* Begin PBXSourcesBuildPhase section */
		352522D6200553EA003A5724 /* Sources */ = {
			isa = PBXSourcesBuildPhase;
			buildActionMask = 2147483647;
			files = (
				352522F420055518003A5724 /* ROOM.swift in Sources */,
				352522E0200553EA003A5724 /* ViewController.swift in Sources */,
				352522F6200555A0003A5724 /* RoomCell.swift in Sources */,
				352522DE200553EA003A5724 /* AppDelegate.swift in Sources */,
				352523042005635D003A5724 /* RoomVC.swift in Sources */,
			);
			runOnlyForDeploymentPostprocessing = 0;
		};
/* End PBXSourcesBuildPhase section */

/* Begin PBXVariantGroup section */
		352522E1200553EA003A5724 /* Main.storyboard */ = {
			isa = PBXVariantGroup;
			children = (
				352522E2200553EA003A5724 /* Base */,
			);
			name = Main.storyboard;
			sourceTree = "<group>";
		};
		352522E6200553EA003A5724 /* LaunchScreen.storyboard */ = {
			isa = PBXVariantGroup;
			children = (
				352522E7200553EA003A5724 /* Base */,
			);
			name = LaunchScreen.storyboard;
			sourceTree = "<group>";
		};
/* End PBXVariantGroup section */

/* Begin XCBuildConfiguration section */
		352522EA200553EA003A5724 /* Debug */ = {
			isa = XCBuildConfiguration;
			buildSettings = {
				ALWAYS_SEARCH_USER_PATHS = NO;
				CLANG_ANALYZER_NONNULL = YES;
				CLANG_ANALYZER_NUMBER_OBJECT_CONVERSION = YES_AGGRESSIVE;
				CLANG_CXX_LANGUAGE_STANDARD = "gnu++14";
				CLANG_CXX_LIBRARY = "libc++";
				CLANG_ENABLE_MODULES = YES;
				CLANG_ENABLE_OBJC_ARC = YES;
				CLANG_WARN_BLOCK_CAPTURE_AUTORELEASING = YES;
				CLANG_WARN_BOOL_CONVERSION = YES;
				CLANG_WARN_COMMA = YES;
				CLANG_WARN_CONSTANT_CONVERSION = YES;
				CLANG_WARN_DIRECT_OBJC_ISA_USAGE = YES_ERROR;
				CLANG_WARN_DOCUMENTATION_COMMENTS = YES;
				CLANG_WARN_EMPTY_BODY = YES;
				CLANG_WARN_ENUM_CONVERSION = YES;
				CLANG_WARN_INFINITE_RECURSION = YES;
				CLANG_WARN_INT_CONVERSION = YES;
				CLANG_WARN_NON_LITERAL_NULL_CONVERSION = YES;
				CLANG_WARN_OBJC_LITERAL_CONVERSION = YES;
				CLANG_WARN_OBJC_ROOT_CLASS = YES_ERROR;
				CLANG_WARN_RANGE_LOOP_ANALYSIS = YES;
				CLANG_WARN_STRICT_PROTOTYPES = YES;
				CLANG_WARN_SUSPICIOUS_MOVE = YES;
				CLANG_WARN_UNGUARDED_AVAILABILITY = YES_AGGRESSIVE;
				CLANG_WARN_UNREACHABLE_CODE = YES;
				CLANG_WARN__DUPLICATE_METHOD_MATCH = YES;
				CODE_SIGN_IDENTITY = "iPhone Developer";
				COPY_PHASE_STRIP = NO;
				DEBUG_INFORMATION_FORMAT = dwarf;
				ENABLE_STRICT_OBJC_MSGSEND = YES;
				ENABLE_TESTABILITY = YES;
				GCC_C_LANGUAGE_STANDARD = gnu11;
				GCC_DYNAMIC_NO_PIC = NO;
				GCC_NO_COMMON_BLOCKS = YES;
				GCC_OPTIMIZATION_LEVEL = 0;
				GCC_PREPROCESSOR_DEFINITIONS = (
					"DEBUG=1",
					"$(inherited)",
				);
				GCC_WARN_64_TO_32_BIT_CONVERSION = YES;
				GCC_WARN_ABOUT_RETURN_TYPE = YES_ERROR;
				GCC_WARN_UNDECLARED_SELECTOR = YES;
				GCC_WARN_UNINITIALIZED_AUTOS = YES_AGGRESSIVE;
				GCC_WARN_UNUSED_FUNCTION = YES;
				GCC_WARN_UNUSED_VARIABLE = YES;
				IPHONEOS_DEPLOYMENT_TARGET = 11.2;
				MTL_ENABLE_DEBUG_INFO = YES;
				ONLY_ACTIVE_ARCH = YES;
				SDKROOT = iphoneos;
				SWIFT_ACTIVE_COMPILATION_CONDITIONS = DEBUG;
				SWIFT_OPTIMIZATION_LEVEL = "-Onone";
			};
			name = Debug;
		};
		352522EB200553EA003A5724 /* Release */ = {
			isa = XCBuildConfiguration;
			buildSettings = {
				ALWAYS_SEARCH_USER_PATHS = NO;
				CLANG_ANALYZER_NONNULL = YES;
				CLANG_ANALYZER_NUMBER_OBJECT_CONVERSION = YES_AGGRESSIVE;
				CLANG_CXX_LANGUAGE_STANDARD = "gnu++14";
				CLANG_CXX_LIBRARY = "libc++";
				CLANG_ENABLE_MODULES = YES;
				CLANG_ENABLE_OBJC_ARC = YES;
				CLANG_WARN_BLOCK_CAPTURE_AUTORELEASING = YES;
				CLANG_WARN_BOOL_CONVERSION = YES;
				CLANG_WARN_COMMA = YES;
				CLANG_WARN_CONSTANT_CONVERSION = YES;
				CLANG_WARN_DIRECT_OBJC_ISA_USAGE = YES_ERROR;
				CLANG_WARN_DOCUMENTATION_COMMENTS = YES;
				CLANG_WARN_EMPTY_BODY = YES;
				CLANG_WARN_ENUM_CONVERSION = YES;
				CLANG_WARN_INFINITE_RECURSION = YES;
				CLANG_WARN_INT_CONVERSION = YES;
				CLANG_WARN_NON_LITERAL_NULL_CONVERSION = YES;
				CLANG_WARN_OBJC_LITERAL_CONVERSION = YES;
				CLANG_WARN_OBJC_ROOT_CLASS = YES_ERROR;
				CLANG_WARN_RANGE_LOOP_ANALYSIS = YES;
				CLANG_WARN_STRICT_PROTOTYPES = YES;
				CLANG_WARN_SUSPICIOUS_MOVE = YES;
				CLANG_WARN_UNGUARDED_AVAILABILITY = YES_AGGRESSIVE;
				CLANG_WARN_UNREACHABLE_CODE = YES;
				CLANG_WARN__DUPLICATE_METHOD_MATCH = YES;
				CODE_SIGN_IDENTITY = "iPhone Developer";
				COPY_PHASE_STRIP = NO;
				DEBUG_INFORMATION_FORMAT = "dwarf-with-dsym";
				ENABLE_NS_ASSERTIONS = NO;
				ENABLE_STRICT_OBJC_MSGSEND = YES;
				GCC_C_LANGUAGE_STANDARD = gnu11;
				GCC_NO_COMMON_BLOCKS = YES;
				GCC_WARN_64_TO_32_BIT_CONVERSION = YES;
				GCC_WARN_ABOUT_RETURN_TYPE = YES_ERROR;
				GCC_WARN_UNDECLARED_SELECTOR = YES;
				GCC_WARN_UNINITIALIZED_AUTOS = YES_AGGRESSIVE;
				GCC_WARN_UNUSED_FUNCTION = YES;
				GCC_WARN_UNUSED_VARIABLE = YES;
				IPHONEOS_DEPLOYMENT_TARGET = 11.2;
				MTL_ENABLE_DEBUG_INFO = NO;
				SDKROOT = iphoneos;
				SWIFT_OPTIMIZATION_LEVEL = "-Owholemodule";
				VALIDATE_PRODUCT = YES;
			};
			name = Release;
		};
		352522ED200553EA003A5724 /* Debug */ = {
			isa = XCBuildConfiguration;
			buildSettings = {
				ASSETCATALOG_COMPILER_APPICON_NAME = AppIcon;
				CODE_SIGN_STYLE = Automatic;
				DEVELOPMENT_TEAM = 589B4SAP4Y;
				INFOPLIST_FILE = TheSwitcher_NunoNunes/Info.plist;
				LD_RUNPATH_SEARCH_PATHS = "$(inherited) @executable_path/Frameworks";
				PRODUCT_BUNDLE_IDENTIFIER = "com.nn.TheSwitcher-NunoNunes";
				PRODUCT_NAME = "$(TARGET_NAME)";
				SWIFT_VERSION = 4.0;
				TARGETED_DEVICE_FAMILY = "1,2";
			};
			name = Debug;
		};
		352522EE200553EA003A5724 /* Release */ = {
			isa = XCBuildConfiguration;
			buildSettings = {
				ASSETCATALOG_COMPILER_APPICON_NAME = AppIcon;
				CODE_SIGN_STYLE = Automatic;
				DEVELOPMENT_TEAM = 589B4SAP4Y;
				INFOPLIST_FILE = TheSwitcher_NunoNunes/Info.plist;
				LD_RUNPATH_SEARCH_PATHS = "$(inherited) @executable_path/Frameworks";
				PRODUCT_BUNDLE_IDENTIFIER = "com.nn.TheSwitcher-NunoNunes";
				PRODUCT_NAME = "$(TARGET_NAME)";
				SWIFT_VERSION = 4.0;
				TARGETED_DEVICE_FAMILY = "1,2";
			};
			name = Release;
		};
/* End XCBuildConfiguration section */

/* Begin XCConfigurationList section */
		352522D5200553EA003A5724 /* Build configuration list for PBXProject "TheSwitcher_NunoNunes" */ = {
			isa = XCConfigurationList;
			buildConfigurations = (
				352522EA200553EA003A5724 /* Debug */,
				352522EB200553EA003A5724 /* Release */,
			);
			defaultConfigurationIsVisible = 0;
			defaultConfigurationName = Release;
		};
		352522EC200553EA003A5724 /* Build configuration list for PBXNativeTarget "TheSwitcher_NunoNunes" */ = {
			isa = XCConfigurationList;
			buildConfigurations = (
				352522ED200553EA003A5724 /* Debug */,
				352522EE200553EA003A5724 /* Release */,
			);
			defaultConfigurationIsVisible = 0;
			defaultConfigurationName = Release;
		};
/* End XCConfigurationList section */
	};
	rootObject = 352522D2200553EA003A5724 /* Project object */;
}
